
Microsoft Visual Studio Solution File, Format Version 12.00
# Visual Studio 15
VisualStudioVersion = 15.0.26403.7
MinimumVisualStudioVersion = 10.0.40219.1
Project("{FAE04EC0-301F-11D3-BF4B-00C04F79EFBC}") = "BetTableware v.0.0.1 alphatest", "BetTableware\BetTableware v.0.0.1 alphatest.csproj", "{2264E0DA-6971-422B-AD69-DF5D1804691B}"
EndProject
Project("{2150E333-8FDC-42A3-9474-1A3956D46DE8}") = "Datas", "Datas", "{748C6CA8-9AD4-4444-BA93-A97F41D94DB5}"
	ProjectSection(SolutionItems) = preProject
		BetTableware v 2\bin\Release\STB_files\bets2.htm = BetTableware v 2\bin\Release\STB_files\bets2.htm
		ParimatchMicroparser\bin\Debug\CloudFlareNet.dll = ParimatchMicroparser\bin\Debug\CloudFlareNet.dll
		NodeWebSite\create.sql = NodeWebSite\create.sql
		Key.txt = Key.txt
		PinnacleWrapper.dll = PinnacleWrapper.dll
		SimpleData.txt = SimpleData.txt
	EndProjectSection
EndProject
Project("{2150E333-8FDC-42A3-9474-1A3956D46DE8}") = "XulRunner", "XulRunner", "{B10A26B9-A34C-43C0-AD50-5E722A26D4F9}"
	ProjectSection(SolutionItems) = preProject
		XulRunner\AccessibleMarshal.dll = XulRunner\AccessibleMarshal.dll
		XulRunner\breakpadinjector.dll = XulRunner\breakpadinjector.dll
		XulRunner\crashreporter.exe = XulRunner\crashreporter.exe
		XulRunner\crashreporter.ini = XulRunner\crashreporter.ini
		XulRunner\D3DCompiler_43.dll = XulRunner\D3DCompiler_43.dll
		XulRunner\dependentlibs.list = XulRunner\dependentlibs.list
		XulRunner\freebl3.chk = XulRunner\freebl3.chk
		XulRunner\freebl3.dll = XulRunner\freebl3.dll
		XulRunner\gkmedias.dll = XulRunner\gkmedias.dll
		XulRunner\IA2Marshal.dll = XulRunner\IA2Marshal.dll
		XulRunner\js-gdb.py = XulRunner\js-gdb.py
		XulRunner\js.exe = XulRunner\js.exe
		XulRunner\libEGL.dll = XulRunner\libEGL.dll
		XulRunner\libGLESv2.dll = XulRunner\libGLESv2.dll
		XulRunner\LICENSE = XulRunner\LICENSE
		XulRunner\mozalloc.dll = XulRunner\mozalloc.dll
		XulRunner\mozglue.dll = XulRunner\mozglue.dll
		XulRunner\mozjs.dll = XulRunner\mozjs.dll
		XulRunner\msvcp100.dll = XulRunner\msvcp100.dll
		XulRunner\msvcr100.dll = XulRunner\msvcr100.dll
		XulRunner\nss3.dll = XulRunner\nss3.dll
		XulRunner\nssckbi.dll = XulRunner\nssckbi.dll
		XulRunner\nssdbm3.chk = XulRunner\nssdbm3.chk
		XulRunner\nssdbm3.dll = XulRunner\nssdbm3.dll
		XulRunner\omni.ja = XulRunner\omni.ja
		XulRunner\platform.ini = XulRunner\platform.ini
		XulRunner\plugin-container.exe = XulRunner\plugin-container.exe
		XulRunner\plugin-hang-ui.exe = XulRunner\plugin-hang-ui.exe
		XulRunner\precomplete = XulRunner\precomplete
		XulRunner\README.xulrunner = XulRunner\README.xulrunner
		XulRunner\redit.exe = XulRunner\redit.exe
		XulRunner\softokn3.chk = XulRunner\softokn3.chk
		XulRunner\softokn3.dll = XulRunner\softokn3.dll
		XulRunner\updater.exe = XulRunner\updater.exe
		XulRunner\xul.dll = XulRunner\xul.dll
		XulRunner\xulrunner-stub.exe = XulRunner\xulrunner-stub.exe
		XulRunner\xulrunner.exe = XulRunner\xulrunner.exe
	EndProjectSection
EndProject
Project("{2150E333-8FDC-42A3-9474-1A3956D46DE8}") = "GeckoFx", "GeckoFx", "{31CFF175-05F1-4FFB-AD3A-7A6B1F3DF92A}"
	ProjectSection(SolutionItems) = preProject
		GeckoFx\Geckofx-Core.dll = GeckoFx\Geckofx-Core.dll
		GeckoFx\Geckofx-Core.dll.config = GeckoFx\Geckofx-Core.dll.config
		GeckoFx\Geckofx-Core.pdb = GeckoFx\Geckofx-Core.pdb
		GeckoFx\Geckofx-Winforms.dll = GeckoFx\Geckofx-Winforms.dll
		GeckoFx\Geckofx-Winforms.pdb = GeckoFx\Geckofx-Winforms.pdb
	EndProjectSection
EndProject
Project("{2150E333-8FDC-42A3-9474-1A3956D46DE8}") = "Solution Items", "Solution Items", "{6CED46C1-BB2B-424E-84B0-597F53B2C529}"
	ProjectSection(SolutionItems) = preProject
		Performance1.psess = Performance1.psess
		Performance2.psess = Performance2.psess
	EndProjectSection
EndProject
Project("{9092AA53-FB77-4645-B42D-1CCCA6BD08BD}") = "NodeWebSite", "NodeWebSite\NodeWebSite.njsproj", "{DA26C01C-DD60-4F1E-9DA3-AFE68E250E0E}"
EndProject
Project("{9092AA53-FB77-4645-B42D-1CCCA6BD08BD}") = "NodejsChat", "NodejsChat\NodejsChat.njsproj", "{B4E8BE33-6142-42A1-9222-DD72A26F28BE}"
EndProject
Project("{FAE04EC0-301F-11D3-BF4B-00C04F79EFBC}") = "ProjectGambFastNav", "ProjectGambFastNav\ProjectGambFastNav.csproj", "{9D141603-1A9D-4EEC-82D8-C473EA436839}"
EndProject
Project("{9092AA53-FB77-4645-B42D-1CCCA6BD08BD}") = "ProjectGambPhantom", "ProjectGambPhantom\ProjectGambPhantom.njsproj", "{AFE3596D-7492-43FF-91DD-8492072BB953}"
EndProject
Project("{FAE04EC0-301F-11D3-BF4B-00C04F79EFBC}") = "ProjectGambUniverse", "ProjectGambUniverse\ProjectGambUniverse.csproj", "{5CFEB791-2DEA-45E6-937D-32A3A189F1E2}"
EndProject
Project("{2150E333-8FDC-42A3-9474-1A3956D46DE8}") = ".nuget", ".nuget", "{773C5330-8203-4589-843D-7C82FD0D3261}"
	ProjectSection(SolutionItems) = preProject
		.nuget\packages.config = .nuget\packages.config
	EndProjectSection
EndProject
Project("{E24C65DC-7377-472B-9ABA-BC803B73C61A}") = "WebBugsTester", "WebBugsTester", "{9B46D339-1780-47BF-AFC1-2C7396DD9AC0}"
	ProjectSection(WebsiteProperties) = preProject
		SccProjectName = "SAK"
		SccAuxPath = "SAK"
		SccLocalPath = "SAK"
		SccProvider = "SAK"
		TargetFrameworkMoniker = ".NETFramework,Version%3Dv4.0"
		Debug.AspNetCompiler.VirtualPath = "/localhost_61974"
		Debug.AspNetCompiler.PhysicalPath = "WebBugsTester\"
		Debug.AspNetCompiler.TargetPath = "PrecompiledWeb\localhost_61974\"
		Debug.AspNetCompiler.Updateable = "true"
		Debug.AspNetCompiler.ForceOverwrite = "true"
		Debug.AspNetCompiler.FixedNames = "false"
		Debug.AspNetCompiler.Debug = "True"
		Release.AspNetCompiler.VirtualPath = "/localhost_61974"
		Release.AspNetCompiler.PhysicalPath = "WebBugsTester\"
		Release.AspNetCompiler.TargetPath = "PrecompiledWeb\localhost_61974\"
		Release.AspNetCompiler.Updateable = "true"
		Release.AspNetCompiler.ForceOverwrite = "true"
		Release.AspNetCompiler.FixedNames = "false"
		Release.AspNetCompiler.Debug = "False"
		VWDPort = "61974"
		SlnRelativePath = "WebBugsTester\"
	EndProjectSection
EndProject
Project("{FAE04EC0-301F-11D3-BF4B-00C04F79EFBC}") = "Bet365Newparser", "Bet365Newparser\Bet365Newparser.csproj", "{03B717CC-3EBB-47E0-81EE-0E0387869045}"
EndProject
Project("{2150E333-8FDC-42A3-9474-1A3956D46DE8}") = "Microparsers", "Microparsers", "{16A0E7A3-E3EE-4E3D-A57F-D15E07C86C9B}"
EndProject
Project("{FAE04EC0-301F-11D3-BF4B-00C04F79EFBC}") = "ParimatchMicroparser", "ParimatchMicroparser\ParimatchMicroparser.csproj", "{3EFE0919-0287-4E3A-B778-66C7F53C3FE1}"
EndProject
Project("{FAE04EC0-301F-11D3-BF4B-00C04F79EFBC}") = "PinnacleMicroparser", "PinnacleMicroparser\PinnacleMicroparser.csproj", "{1A906D51-32B8-47D4-BD31-A80BD743E976}"
EndProject
Project("{FAE04EC0-301F-11D3-BF4B-00C04F79EFBC}") = "MicroparserFramework", "MicroparserFramework\MicroparserFramework.csproj", "{38FF1123-FBEE-4824-A594-43933369DDEF}"
EndProject
Project("{FAE04EC0-301F-11D3-BF4B-00C04F79EFBC}") = "WilliamshillMicroparser", "WilliamshillMicroparser\WilliamshillMicroparser.csproj", "{6FD85C0E-6428-4190-907F-ECC2E63CFF3D}"
EndProject
Project("{FAE04EC0-301F-11D3-BF4B-00C04F79EFBC}") = "FonbetMicroparser", "FonbetMicroparser\FonbetMicroparser.csproj", "{B6D6AD26-1605-4CB7-AC9F-D69BA9873CF9}"
EndProject
Project("{FAE04EC0-301F-11D3-BF4B-00C04F79EFBC}") = "MarathonMicroparser", "MarathonMicroparser\MarathonMicroparser.csproj", "{17FD7BAB-648E-4EEC-86B8-6CB24CBE27C6}"
EndProject
Project("{FAE04EC0-301F-11D3-BF4B-00C04F79EFBC}") = "OlimpMicroparser", "OlimpMicroparser\OlimpMicroparser.csproj", "{EEFEA721-D77E-4DDC-8EFD-4D731C5EB551}"
EndProject
Project("{FAE04EC0-301F-11D3-BF4B-00C04F79EFBC}") = "WinlineMicroparser", "WinlineMicroparser\WinlineMicroparser.csproj", "{E578B340-5DD1-4B57-BE7E-9E3DB407F44D}"
EndProject
Project("{FAE04EC0-301F-11D3-BF4B-00C04F79EFBC}") = "PinnacleMicroparserChromium", "PinnacleMicroparserChromium\PinnacleMicroparserChromium.csproj", "{A55E7B7A-8890-42D8-986E-F0A600EE2854}"
EndProject
Project("{FAE04EC0-301F-11D3-BF4B-00C04F79EFBC}") = "Bet365MicroparserChromium", "Bet365MicroparserChromium\Bet365MicroparserChromium.csproj", "{A421FE24-4821-40EE-B7FD-1D60BF615489}"
EndProject
Global
	GlobalSection(SolutionConfigurationPlatforms) = preSolution
		Debug|Any CPU = Debug|Any CPU
		Debug|x64 = Debug|x64
		Local|Any CPU = Local|Any CPU
		Local|x64 = Local|x64
		Production|Any CPU = Production|Any CPU
		Production|x64 = Production|x64
		Release|Any CPU = Release|Any CPU
		Release|x64 = Release|x64
		Staging|Any CPU = Staging|Any CPU
		Staging|x64 = Staging|x64
	EndGlobalSection
	GlobalSection(ProjectConfigurationPlatforms) = postSolution
		{2264E0DA-6971-422B-AD69-DF5D1804691B}.Debug|Any CPU.ActiveCfg = Debug|Any CPU
		{2264E0DA-6971-422B-AD69-DF5D1804691B}.Debug|Any CPU.Build.0 = Debug|Any CPU
		{2264E0DA-6971-422B-AD69-DF5D1804691B}.Debug|x64.ActiveCfg = Debug|Any CPU
		{2264E0DA-6971-422B-AD69-DF5D1804691B}.Debug|x64.Build.0 = Debug|Any CPU
		{2264E0DA-6971-422B-AD69-DF5D1804691B}.Local|Any CPU.ActiveCfg = Release|Any CPU
		{2264E0DA-6971-422B-AD69-DF5D1804691B}.Local|Any CPU.Build.0 = Release|Any CPU
		{2264E0DA-6971-422B-AD69-DF5D1804691B}.Local|x64.ActiveCfg = Release|Any CPU
		{2264E0DA-6971-422B-AD69-DF5D1804691B}.Local|x64.Build.0 = Release|Any CPU
		{2264E0DA-6971-422B-AD69-DF5D1804691B}.Production|Any CPU.ActiveCfg = Release|Any CPU
		{2264E0DA-6971-422B-AD69-DF5D1804691B}.Production|Any CPU.Build.0 = Release|Any CPU
		{2264E0DA-6971-422B-AD69-DF5D1804691B}.Production|x64.ActiveCfg = Release|Any CPU
		{2264E0DA-6971-422B-AD69-DF5D1804691B}.Production|x64.Build.0 = Release|Any CPU
		{2264E0DA-6971-422B-AD69-DF5D1804691B}.Release|Any CPU.ActiveCfg = Release|Any CPU
		{2264E0DA-6971-422B-AD69-DF5D1804691B}.Release|Any CPU.Build.0 = Release|Any CPU
		{2264E0DA-6971-422B-AD69-DF5D1804691B}.Release|x64.ActiveCfg = Release|Any CPU
		{2264E0DA-6971-422B-AD69-DF5D1804691B}.Release|x64.Build.0 = Release|Any CPU
		{2264E0DA-6971-422B-AD69-DF5D1804691B}.Staging|Any CPU.ActiveCfg = Release|Any CPU
		{2264E0DA-6971-422B-AD69-DF5D1804691B}.Staging|Any CPU.Build.0 = Release|Any CPU
		{2264E0DA-6971-422B-AD69-DF5D1804691B}.Staging|x64.ActiveCfg = Release|Any CPU
		{2264E0DA-6971-422B-AD69-DF5D1804691B}.Staging|x64.Build.0 = Release|Any CPU
		{DA26C01C-DD60-4F1E-9DA3-AFE68E250E0E}.Debug|Any CPU.ActiveCfg = Debug|Any CPU
		{DA26C01C-DD60-4F1E-9DA3-AFE68E250E0E}.Debug|Any CPU.Build.0 = Debug|Any CPU
		{DA26C01C-DD60-4F1E-9DA3-AFE68E250E0E}.Debug|x64.ActiveCfg = Debug|Any CPU
		{DA26C01C-DD60-4F1E-9DA3-AFE68E250E0E}.Debug|x64.Build.0 = Debug|Any CPU
		{DA26C01C-DD60-4F1E-9DA3-AFE68E250E0E}.Local|Any CPU.ActiveCfg = Release|Any CPU
		{DA26C01C-DD60-4F1E-9DA3-AFE68E250E0E}.Local|Any CPU.Build.0 = Release|Any CPU
		{DA26C01C-DD60-4F1E-9DA3-AFE68E250E0E}.Local|x64.ActiveCfg = Release|Any CPU
		{DA26C01C-DD60-4F1E-9DA3-AFE68E250E0E}.Local|x64.Build.0 = Release|Any CPU
		{DA26C01C-DD60-4F1E-9DA3-AFE68E250E0E}.Production|Any CPU.ActiveCfg = Release|Any CPU
		{DA26C01C-DD60-4F1E-9DA3-AFE68E250E0E}.Production|Any CPU.Build.0 = Release|Any CPU
		{DA26C01C-DD60-4F1E-9DA3-AFE68E250E0E}.Production|x64.ActiveCfg = Release|Any CPU
		{DA26C01C-DD60-4F1E-9DA3-AFE68E250E0E}.Production|x64.Build.0 = Release|Any CPU
		{DA26C01C-DD60-4F1E-9DA3-AFE68E250E0E}.Release|Any CPU.ActiveCfg = Release|Any CPU
		{DA26C01C-DD60-4F1E-9DA3-AFE68E250E0E}.Release|Any CPU.Build.0 = Release|Any CPU
		{DA26C01C-DD60-4F1E-9DA3-AFE68E250E0E}.Release|x64.ActiveCfg = Release|Any CPU
		{DA26C01C-DD60-4F1E-9DA3-AFE68E250E0E}.Release|x64.Build.0 = Release|Any CPU
		{DA26C01C-DD60-4F1E-9DA3-AFE68E250E0E}.Staging|Any CPU.ActiveCfg = Release|Any CPU
		{DA26C01C-DD60-4F1E-9DA3-AFE68E250E0E}.Staging|Any CPU.Build.0 = Release|Any CPU
		{DA26C01C-DD60-4F1E-9DA3-AFE68E250E0E}.Staging|x64.ActiveCfg = Release|Any CPU
		{DA26C01C-DD60-4F1E-9DA3-AFE68E250E0E}.Staging|x64.Build.0 = Release|Any CPU
		{B4E8BE33-6142-42A1-9222-DD72A26F28BE}.Debug|Any CPU.ActiveCfg = Debug|Any CPU
		{B4E8BE33-6142-42A1-9222-DD72A26F28BE}.Debug|Any CPU.Build.0 = Debug|Any CPU
		{B4E8BE33-6142-42A1-9222-DD72A26F28BE}.Debug|x64.ActiveCfg = Debug|Any CPU
		{B4E8BE33-6142-42A1-9222-DD72A26F28BE}.Debug|x64.Build.0 = Debug|Any CPU
		{B4E8BE33-6142-42A1-9222-DD72A26F28BE}.Local|Any CPU.ActiveCfg = Release|Any CPU
		{B4E8BE33-6142-42A1-9222-DD72A26F28BE}.Local|Any CPU.Build.0 = Release|Any CPU
		{B4E8BE33-6142-42A1-9222-DD72A26F28BE}.Local|x64.ActiveCfg = Release|Any CPU
		{B4E8BE33-6142-42A1-9222-DD72A26F28BE}.Local|x64.Build.0 = Release|Any CPU
		{B4E8BE33-6142-42A1-9222-DD72A26F28BE}.Production|Any CPU.ActiveCfg = Release|Any CPU
		{B4E8BE33-6142-42A1-9222-DD72A26F28BE}.Production|Any CPU.Build.0 = Release|Any CPU
		{B4E8BE33-6142-42A1-9222-DD72A26F28BE}.Production|x64.ActiveCfg = Release|Any CPU
		{B4E8BE33-6142-42A1-9222-DD72A26F28BE}.Production|x64.Build.0 = Release|Any CPU
		{B4E8BE33-6142-42A1-9222-DD72A26F28BE}.Release|Any CPU.ActiveCfg = Release|Any CPU
		{B4E8BE33-6142-42A1-9222-DD72A26F28BE}.Release|Any CPU.Build.0 = Release|Any CPU
		{B4E8BE33-6142-42A1-9222-DD72A26F28BE}.Release|x64.ActiveCfg = Release|Any CPU
		{B4E8BE33-6142-42A1-9222-DD72A26F28BE}.Release|x64.Build.0 = Release|Any CPU
		{B4E8BE33-6142-42A1-9222-DD72A26F28BE}.Staging|Any CPU.ActiveCfg = Release|Any CPU
		{B4E8BE33-6142-42A1-9222-DD72A26F28BE}.Staging|Any CPU.Build.0 = Release|Any CPU
		{B4E8BE33-6142-42A1-9222-DD72A26F28BE}.Staging|x64.ActiveCfg = Release|Any CPU
		{B4E8BE33-6142-42A1-9222-DD72A26F28BE}.Staging|x64.Build.0 = Release|Any CPU
		{9D141603-1A9D-4EEC-82D8-C473EA436839}.Debug|Any CPU.ActiveCfg = Debug|Any CPU
		{9D141603-1A9D-4EEC-82D8-C473EA436839}.Debug|x64.ActiveCfg = Debug|Any CPU
		{9D141603-1A9D-4EEC-82D8-C473EA436839}.Debug|x64.Build.0 = Debug|Any CPU
		{9D141603-1A9D-4EEC-82D8-C473EA436839}.Local|Any CPU.ActiveCfg = Release|Any CPU
		{9D141603-1A9D-4EEC-82D8-C473EA436839}.Local|Any CPU.Build.0 = Release|Any CPU
		{9D141603-1A9D-4EEC-82D8-C473EA436839}.Local|x64.ActiveCfg = Release|Any CPU
		{9D141603-1A9D-4EEC-82D8-C473EA436839}.Local|x64.Build.0 = Release|Any CPU
		{9D141603-1A9D-4EEC-82D8-C473EA436839}.Production|Any CPU.ActiveCfg = Release|Any CPU
		{9D141603-1A9D-4EEC-82D8-C473EA436839}.Production|Any CPU.Build.0 = Release|Any CPU
		{9D141603-1A9D-4EEC-82D8-C473EA436839}.Production|x64.ActiveCfg = Release|Any CPU
		{9D141603-1A9D-4EEC-82D8-C473EA436839}.Production|x64.Build.0 = Release|Any CPU
		{9D141603-1A9D-4EEC-82D8-C473EA436839}.Release|Any CPU.ActiveCfg = Release|Any CPU
		{9D141603-1A9D-4EEC-82D8-C473EA436839}.Release|Any CPU.Build.0 = Release|Any CPU
		{9D141603-1A9D-4EEC-82D8-C473EA436839}.Release|x64.ActiveCfg = Release|Any CPU
		{9D141603-1A9D-4EEC-82D8-C473EA436839}.Release|x64.Build.0 = Release|Any CPU
		{9D141603-1A9D-4EEC-82D8-C473EA436839}.Staging|Any CPU.ActiveCfg = Release|Any CPU
		{9D141603-1A9D-4EEC-82D8-C473EA436839}.Staging|Any CPU.Build.0 = Release|Any CPU
		{9D141603-1A9D-4EEC-82D8-C473EA436839}.Staging|x64.ActiveCfg = Release|Any CPU
		{9D141603-1A9D-4EEC-82D8-C473EA436839}.Staging|x64.Build.0 = Release|Any CPU
		{AFE3596D-7492-43FF-91DD-8492072BB953}.Debug|Any CPU.ActiveCfg = Debug|Any CPU
		{AFE3596D-7492-43FF-91DD-8492072BB953}.Debug|Any CPU.Build.0 = Debug|Any CPU
		{AFE3596D-7492-43FF-91DD-8492072BB953}.Debug|x64.ActiveCfg = Debug|Any CPU
		{AFE3596D-7492-43FF-91DD-8492072BB953}.Debug|x64.Build.0 = Debug|Any CPU
		{AFE3596D-7492-43FF-91DD-8492072BB953}.Local|Any CPU.ActiveCfg = Release|Any CPU
		{AFE3596D-7492-43FF-91DD-8492072BB953}.Local|Any CPU.Build.0 = Release|Any CPU
		{AFE3596D-7492-43FF-91DD-8492072BB953}.Local|x64.ActiveCfg = Release|Any CPU
		{AFE3596D-7492-43FF-91DD-8492072BB953}.Local|x64.Build.0 = Release|Any CPU
		{AFE3596D-7492-43FF-91DD-8492072BB953}.Production|Any CPU.ActiveCfg = Release|Any CPU
		{AFE3596D-7492-43FF-91DD-8492072BB953}.Production|Any CPU.Build.0 = Release|Any CPU
		{AFE3596D-7492-43FF-91DD-8492072BB953}.Production|x64.ActiveCfg = Release|Any CPU
		{AFE3596D-7492-43FF-91DD-8492072BB953}.Production|x64.Build.0 = Release|Any CPU
		{AFE3596D-7492-43FF-91DD-8492072BB953}.Release|Any CPU.ActiveCfg = Release|Any CPU
		{AFE3596D-7492-43FF-91DD-8492072BB953}.Release|Any CPU.Build.0 = Release|Any CPU
		{AFE3596D-7492-43FF-91DD-8492072BB953}.Release|x64.ActiveCfg = Release|Any CPU
		{AFE3596D-7492-43FF-91DD-8492072BB953}.Release|x64.Build.0 = Release|Any CPU
		{AFE3596D-7492-43FF-91DD-8492072BB953}.Staging|Any CPU.ActiveCfg = Release|Any CPU
		{AFE3596D-7492-43FF-91DD-8492072BB953}.Staging|Any CPU.Build.0 = Release|Any CPU
		{AFE3596D-7492-43FF-91DD-8492072BB953}.Staging|x64.ActiveCfg = Release|Any CPU
		{AFE3596D-7492-43FF-91DD-8492072BB953}.Staging|x64.Build.0 = Release|Any CPU
		{5CFEB791-2DEA-45E6-937D-32A3A189F1E2}.Debug|Any CPU.ActiveCfg = Debug|Any CPU
		{5CFEB791-2DEA-45E6-937D-32A3A189F1E2}.Debug|Any CPU.Build.0 = Debug|Any CPU
		{5CFEB791-2DEA-45E6-937D-32A3A189F1E2}.Debug|x64.ActiveCfg = Debug|Any CPU
		{5CFEB791-2DEA-45E6-937D-32A3A189F1E2}.Debug|x64.Build.0 = Debug|Any CPU
		{5CFEB791-2DEA-45E6-937D-32A3A189F1E2}.Local|Any CPU.ActiveCfg = Release|Any CPU
		{5CFEB791-2DEA-45E6-937D-32A3A189F1E2}.Local|Any CPU.Build.0 = Release|Any CPU
		{5CFEB791-2DEA-45E6-937D-32A3A189F1E2}.Local|x64.ActiveCfg = Release|Any CPU
		{5CFEB791-2DEA-45E6-937D-32A3A189F1E2}.Local|x64.Build.0 = Release|Any CPU
		{5CFEB791-2DEA-45E6-937D-32A3A189F1E2}.Production|Any CPU.ActiveCfg = Release|Any CPU
		{5CFEB791-2DEA-45E6-937D-32A3A189F1E2}.Production|Any CPU.Build.0 = Release|Any CPU
		{5CFEB791-2DEA-45E6-937D-32A3A189F1E2}.Production|x64.ActiveCfg = Release|Any CPU
		{5CFEB791-2DEA-45E6-937D-32A3A189F1E2}.Production|x64.Build.0 = Release|Any CPU
		{5CFEB791-2DEA-45E6-937D-32A3A189F1E2}.Release|Any CPU.ActiveCfg = Release|Any CPU
		{5CFEB791-2DEA-45E6-937D-32A3A189F1E2}.Release|Any CPU.Build.0 = Release|Any CPU
		{5CFEB791-2DEA-45E6-937D-32A3A189F1E2}.Release|x64.ActiveCfg = Release|Any CPU
		{5CFEB791-2DEA-45E6-937D-32A3A189F1E2}.Release|x64.Build.0 = Release|Any CPU
		{5CFEB791-2DEA-45E6-937D-32A3A189F1E2}.Staging|Any CPU.ActiveCfg = Release|Any CPU
		{5CFEB791-2DEA-45E6-937D-32A3A189F1E2}.Staging|Any CPU.Build.0 = Release|Any CPU
		{5CFEB791-2DEA-45E6-937D-32A3A189F1E2}.Staging|x64.ActiveCfg = Release|Any CPU
		{5CFEB791-2DEA-45E6-937D-32A3A189F1E2}.Staging|x64.Build.0 = Release|Any CPU
		{9B46D339-1780-47BF-AFC1-2C7396DD9AC0}.Debug|Any CPU.ActiveCfg = Debug|Any CPU
		{9B46D339-1780-47BF-AFC1-2C7396DD9AC0}.Debug|x64.ActiveCfg = Debug|Any CPU
		{9B46D339-1780-47BF-AFC1-2C7396DD9AC0}.Debug|x64.Build.0 = Debug|Any CPU
		{9B46D339-1780-47BF-AFC1-2C7396DD9AC0}.Local|Any CPU.ActiveCfg = Debug|Any CPU
		{9B46D339-1780-47BF-AFC1-2C7396DD9AC0}.Local|Any CPU.Build.0 = Debug|Any CPU
		{9B46D339-1780-47BF-AFC1-2C7396DD9AC0}.Local|x64.ActiveCfg = Debug|Any CPU
		{9B46D339-1780-47BF-AFC1-2C7396DD9AC0}.Local|x64.Build.0 = Debug|Any CPU
		{9B46D339-1780-47BF-AFC1-2C7396DD9AC0}.Production|Any CPU.ActiveCfg = Debug|Any CPU
		{9B46D339-1780-47BF-AFC1-2C7396DD9AC0}.Production|Any CPU.Build.0 = Debug|Any CPU
		{9B46D339-1780-47BF-AFC1-2C7396DD9AC0}.Production|x64.ActiveCfg = Debug|Any CPU
		{9B46D339-1780-47BF-AFC1-2C7396DD9AC0}.Production|x64.Build.0 = Debug|Any CPU
		{9B46D339-1780-47BF-AFC1-2C7396DD9AC0}.Release|Any CPU.ActiveCfg = Debug|Any CPU
		{9B46D339-1780-47BF-AFC1-2C7396DD9AC0}.Release|Any CPU.Build.0 = Debug|Any CPU
		{9B46D339-1780-47BF-AFC1-2C7396DD9AC0}.Release|x64.ActiveCfg = Debug|Any CPU
		{9B46D339-1780-47BF-AFC1-2C7396DD9AC0}.Release|x64.Build.0 = Debug|Any CPU
		{9B46D339-1780-47BF-AFC1-2C7396DD9AC0}.Staging|Any CPU.ActiveCfg = Debug|Any CPU
		{9B46D339-1780-47BF-AFC1-2C7396DD9AC0}.Staging|Any CPU.Build.0 = Debug|Any CPU
		{9B46D339-1780-47BF-AFC1-2C7396DD9AC0}.Staging|x64.ActiveCfg = Debug|Any CPU
		{9B46D339-1780-47BF-AFC1-2C7396DD9AC0}.Staging|x64.Build.0 = Debug|Any CPU
		{03B717CC-3EBB-47E0-81EE-0E0387869045}.Debug|Any CPU.ActiveCfg = Debug|Any CPU
		{03B717CC-3EBB-47E0-81EE-0E0387869045}.Debug|Any CPU.Build.0 = Debug|Any CPU
		{03B717CC-3EBB-47E0-81EE-0E0387869045}.Debug|x64.ActiveCfg = Debug|Any CPU
		{03B717CC-3EBB-47E0-81EE-0E0387869045}.Debug|x64.Build.0 = Debug|Any CPU
		{03B717CC-3EBB-47E0-81EE-0E0387869045}.Local|Any CPU.ActiveCfg = Release|Any CPU
		{03B717CC-3EBB-47E0-81EE-0E0387869045}.Local|Any CPU.Build.0 = Release|Any CPU
		{03B717CC-3EBB-47E0-81EE-0E0387869045}.Local|x64.ActiveCfg = Release|Any CPU
		{03B717CC-3EBB-47E0-81EE-0E0387869045}.Local|x64.Build.0 = Release|Any CPU
		{03B717CC-3EBB-47E0-81EE-0E0387869045}.Production|Any CPU.ActiveCfg = Release|Any CPU
		{03B717CC-3EBB-47E0-81EE-0E0387869045}.Production|Any CPU.Build.0 = Release|Any CPU
		{03B717CC-3EBB-47E0-81EE-0E0387869045}.Production|x64.ActiveCfg = Release|Any CPU
		{03B717CC-3EBB-47E0-81EE-0E0387869045}.Production|x64.Build.0 = Release|Any CPU
		{03B717CC-3EBB-47E0-81EE-0E0387869045}.Release|Any CPU.ActiveCfg = Release|Any CPU
		{03B717CC-3EBB-47E0-81EE-0E0387869045}.Release|Any CPU.Build.0 = Release|Any CPU
		{03B717CC-3EBB-47E0-81EE-0E0387869045}.Release|x64.ActiveCfg = Release|Any CPU
		{03B717CC-3EBB-47E0-81EE-0E0387869045}.Release|x64.Build.0 = Release|Any CPU
		{03B717CC-3EBB-47E0-81EE-0E0387869045}.Staging|Any CPU.ActiveCfg = Release|Any CPU
		{03B717CC-3EBB-47E0-81EE-0E0387869045}.Staging|Any CPU.Build.0 = Release|Any CPU
		{03B717CC-3EBB-47E0-81EE-0E0387869045}.Staging|x64.ActiveCfg = Release|Any CPU
		{03B717CC-3EBB-47E0-81EE-0E0387869045}.Staging|x64.Build.0 = Release|Any CPU
		{3EFE0919-0287-4E3A-B778-66C7F53C3FE1}.Debug|Any CPU.ActiveCfg = Debug|Any CPU
		{3EFE0919-0287-4E3A-B778-66C7F53C3FE1}.Debug|Any CPU.Build.0 = Debug|Any CPU
		{3EFE0919-0287-4E3A-B778-66C7F53C3FE1}.Debug|x64.ActiveCfg = Debug|Any CPU
		{3EFE0919-0287-4E3A-B778-66C7F53C3FE1}.Debug|x64.Build.0 = Debug|Any CPU
		{3EFE0919-0287-4E3A-B778-66C7F53C3FE1}.Local|Any CPU.ActiveCfg = Release|Any CPU
		{3EFE0919-0287-4E3A-B778-66C7F53C3FE1}.Local|Any CPU.Build.0 = Release|Any CPU
		{3EFE0919-0287-4E3A-B778-66C7F53C3FE1}.Local|x64.ActiveCfg = Release|Any CPU
		{3EFE0919-0287-4E3A-B778-66C7F53C3FE1}.Local|x64.Build.0 = Release|Any CPU
		{3EFE0919-0287-4E3A-B778-66C7F53C3FE1}.Production|Any CPU.ActiveCfg = Release|Any CPU
		{3EFE0919-0287-4E3A-B778-66C7F53C3FE1}.Production|Any CPU.Build.0 = Release|Any CPU
		{3EFE0919-0287-4E3A-B778-66C7F53C3FE1}.Production|x64.ActiveCfg = Release|Any CPU
		{3EFE0919-0287-4E3A-B778-66C7F53C3FE1}.Production|x64.Build.0 = Release|Any CPU
		{3EFE0919-0287-4E3A-B778-66C7F53C3FE1}.Release|Any CPU.ActiveCfg = Release|Any CPU
		{3EFE0919-0287-4E3A-B778-66C7F53C3FE1}.Release|Any CPU.Build.0 = Release|Any CPU
		{3EFE0919-0287-4E3A-B778-66C7F53C3FE1}.Release|x64.ActiveCfg = Release|Any CPU
		{3EFE0919-0287-4E3A-B778-66C7F53C3FE1}.Release|x64.Build.0 = Release|Any CPU
		{3EFE0919-0287-4E3A-B778-66C7F53C3FE1}.Staging|Any CPU.ActiveCfg = Release|Any CPU
		{3EFE0919-0287-4E3A-B778-66C7F53C3FE1}.Staging|Any CPU.Build.0 = Release|Any CPU
		{3EFE0919-0287-4E3A-B778-66C7F53C3FE1}.Staging|x64.ActiveCfg = Release|Any CPU
		{3EFE0919-0287-4E3A-B778-66C7F53C3FE1}.Staging|x64.Build.0 = Release|Any CPU
		{1A906D51-32B8-47D4-BD31-A80BD743E976}.Debug|Any CPU.ActiveCfg = Debug|Any CPU
		{1A906D51-32B8-47D4-BD31-A80BD743E976}.Debug|Any CPU.Build.0 = Debug|Any CPU
		{1A906D51-32B8-47D4-BD31-A80BD743E976}.Debug|x64.ActiveCfg = Debug|Any CPU
		{1A906D51-32B8-47D4-BD31-A80BD743E976}.Debug|x64.Build.0 = Debug|Any CPU
		{1A906D51-32B8-47D4-BD31-A80BD743E976}.Local|Any CPU.ActiveCfg = Release|Any CPU
		{1A906D51-32B8-47D4-BD31-A80BD743E976}.Local|Any CPU.Build.0 = Release|Any CPU
		{1A906D51-32B8-47D4-BD31-A80BD743E976}.Local|x64.ActiveCfg = Release|Any CPU
		{1A906D51-32B8-47D4-BD31-A80BD743E976}.Local|x64.Build.0 = Release|Any CPU
		{1A906D51-32B8-47D4-BD31-A80BD743E976}.Production|Any CPU.ActiveCfg = Release|Any CPU
		{1A906D51-32B8-47D4-BD31-A80BD743E976}.Production|Any CPU.Build.0 = Release|Any CPU
		{1A906D51-32B8-47D4-BD31-A80BD743E976}.Production|x64.ActiveCfg = Release|Any CPU
		{1A906D51-32B8-47D4-BD31-A80BD743E976}.Production|x64.Build.0 = Release|Any CPU
		{1A906D51-32B8-47D4-BD31-A80BD743E976}.Release|Any CPU.ActiveCfg = Release|Any CPU
		{1A906D51-32B8-47D4-BD31-A80BD743E976}.Release|Any CPU.Build.0 = Release|Any CPU
		{1A906D51-32B8-47D4-BD31-A80BD743E976}.Release|x64.ActiveCfg = Release|Any CPU
		{1A906D51-32B8-47D4-BD31-A80BD743E976}.Release|x64.Build.0 = Release|Any CPU
		{1A906D51-32B8-47D4-BD31-A80BD743E976}.Staging|Any CPU.ActiveCfg = Release|Any CPU
		{1A906D51-32B8-47D4-BD31-A80BD743E976}.Staging|Any CPU.Build.0 = Release|Any CPU
		{1A906D51-32B8-47D4-BD31-A80BD743E976}.Staging|x64.ActiveCfg = Release|Any CPU
		{1A906D51-32B8-47D4-BD31-A80BD743E976}.Staging|x64.Build.0 = Release|Any CPU
		{38FF1123-FBEE-4824-A594-43933369DDEF}.Debug|Any CPU.ActiveCfg = Debug|Any CPU
		{38FF1123-FBEE-4824-A594-43933369DDEF}.Debug|Any CPU.Build.0 = Debug|Any CPU
		{38FF1123-FBEE-4824-A594-43933369DDEF}.Debug|x64.ActiveCfg = Debug|Any CPU
		{38FF1123-FBEE-4824-A594-43933369DDEF}.Debug|x64.Build.0 = Debug|Any CPU
		{38FF1123-FBEE-4824-A594-43933369DDEF}.Local|Any CPU.ActiveCfg = Release|Any CPU
		{38FF1123-FBEE-4824-A594-43933369DDEF}.Local|Any CPU.Build.0 = Release|Any CPU
		{38FF1123-FBEE-4824-A594-43933369DDEF}.Local|x64.ActiveCfg = Release|Any CPU
		{38FF1123-FBEE-4824-A594-43933369DDEF}.Local|x64.Build.0 = Release|Any CPU
		{38FF1123-FBEE-4824-A594-43933369DDEF}.Production|Any CPU.ActiveCfg = Release|Any CPU
		{38FF1123-FBEE-4824-A594-43933369DDEF}.Production|Any CPU.Build.0 = Release|Any CPU
		{38FF1123-FBEE-4824-A594-43933369DDEF}.Production|x64.ActiveCfg = Release|Any CPU
		{38FF1123-FBEE-4824-A594-43933369DDEF}.Production|x64.Build.0 = Release|Any CPU
		{38FF1123-FBEE-4824-A594-43933369DDEF}.Release|Any CPU.ActiveCfg = Release|Any CPU
		{38FF1123-FBEE-4824-A594-43933369DDEF}.Release|Any CPU.Build.0 = Release|Any CPU
		{38FF1123-FBEE-4824-A594-43933369DDEF}.Release|x64.ActiveCfg = Release|Any CPU
		{38FF1123-FBEE-4824-A594-43933369DDEF}.Release|x64.Build.0 = Release|Any CPU
		{38FF1123-FBEE-4824-A594-43933369DDEF}.Staging|Any CPU.ActiveCfg = Release|Any CPU
		{38FF1123-FBEE-4824-A594-43933369DDEF}.Staging|Any CPU.Build.0 = Release|Any CPU
		{38FF1123-FBEE-4824-A594-43933369DDEF}.Staging|x64.ActiveCfg = Release|Any CPU
		{38FF1123-FBEE-4824-A594-43933369DDEF}.Staging|x64.Build.0 = Release|Any CPU
		{6FD85C0E-6428-4190-907F-ECC2E63CFF3D}.Debug|Any CPU.ActiveCfg = Debug|Any CPU
		{6FD85C0E-6428-4190-907F-ECC2E63CFF3D}.Debug|Any CPU.Build.0 = Debug|Any CPU
		{6FD85C0E-6428-4190-907F-ECC2E63CFF3D}.Debug|x64.ActiveCfg = Debug|Any CPU
		{6FD85C0E-6428-4190-907F-ECC2E63CFF3D}.Debug|x64.Build.0 = Debug|Any CPU
		{6FD85C0E-6428-4190-907F-ECC2E63CFF3D}.Local|Any CPU.ActiveCfg = Release|Any CPU
		{6FD85C0E-6428-4190-907F-ECC2E63CFF3D}.Local|Any CPU.Build.0 = Release|Any CPU
		{6FD85C0E-6428-4190-907F-ECC2E63CFF3D}.Local|x64.ActiveCfg = Release|Any CPU
		{6FD85C0E-6428-4190-907F-ECC2E63CFF3D}.Local|x64.Build.0 = Release|Any CPU
		{6FD85C0E-6428-4190-907F-ECC2E63CFF3D}.Production|Any CPU.ActiveCfg = Release|Any CPU
		{6FD85C0E-6428-4190-907F-ECC2E63CFF3D}.Production|Any CPU.Build.0 = Release|Any CPU
		{6FD85C0E-6428-4190-907F-ECC2E63CFF3D}.Production|x64.ActiveCfg = Release|Any CPU
		{6FD85C0E-6428-4190-907F-ECC2E63CFF3D}.Production|x64.Build.0 = Release|Any CPU
		{6FD85C0E-6428-4190-907F-ECC2E63CFF3D}.Release|Any CPU.ActiveCfg = Release|Any CPU
		{6FD85C0E-6428-4190-907F-ECC2E63CFF3D}.Release|Any CPU.Build.0 = Release|Any CPU
		{6FD85C0E-6428-4190-907F-ECC2E63CFF3D}.Release|x64.ActiveCfg = Release|Any CPU
		{6FD85C0E-6428-4190-907F-ECC2E63CFF3D}.Release|x64.Build.0 = Release|Any CPU
		{6FD85C0E-6428-4190-907F-ECC2E63CFF3D}.Staging|Any CPU.ActiveCfg = Release|Any CPU
		{6FD85C0E-6428-4190-907F-ECC2E63CFF3D}.Staging|Any CPU.Build.0 = Release|Any CPU
		{6FD85C0E-6428-4190-907F-ECC2E63CFF3D}.Staging|x64.ActiveCfg = Release|Any CPU
		{6FD85C0E-6428-4190-907F-ECC2E63CFF3D}.Staging|x64.Build.0 = Release|Any CPU
		{B6D6AD26-1605-4CB7-AC9F-D69BA9873CF9}.Debug|Any CPU.ActiveCfg = Debug|Any CPU
		{B6D6AD26-1605-4CB7-AC9F-D69BA9873CF9}.Debug|Any CPU.Build.0 = Debug|Any CPU
		{B6D6AD26-1605-4CB7-AC9F-D69BA9873CF9}.Debug|x64.ActiveCfg = Debug|Any CPU
		{B6D6AD26-1605-4CB7-AC9F-D69BA9873CF9}.Debug|x64.Build.0 = Debug|Any CPU
		{B6D6AD26-1605-4CB7-AC9F-D69BA9873CF9}.Local|Any CPU.ActiveCfg = Release|Any CPU
		{B6D6AD26-1605-4CB7-AC9F-D69BA9873CF9}.Local|Any CPU.Build.0 = Release|Any CPU
		{B6D6AD26-1605-4CB7-AC9F-D69BA9873CF9}.Local|x64.ActiveCfg = Release|Any CPU
		{B6D6AD26-1605-4CB7-AC9F-D69BA9873CF9}.Local|x64.Build.0 = Release|Any CPU
		{B6D6AD26-1605-4CB7-AC9F-D69BA9873CF9}.Production|Any CPU.ActiveCfg = Release|Any CPU
		{B6D6AD26-1605-4CB7-AC9F-D69BA9873CF9}.Production|Any CPU.Build.0 = Release|Any CPU
		{B6D6AD26-1605-4CB7-AC9F-D69BA9873CF9}.Production|x64.ActiveCfg = Release|Any CPU
		{B6D6AD26-1605-4CB7-AC9F-D69BA9873CF9}.Production|x64.Build.0 = Release|Any CPU
		{B6D6AD26-1605-4CB7-AC9F-D69BA9873CF9}.Release|Any CPU.ActiveCfg = Release|Any CPU
		{B6D6AD26-1605-4CB7-AC9F-D69BA9873CF9}.Release|Any CPU.Build.0 = Release|Any CPU
		{B6D6AD26-1605-4CB7-AC9F-D69BA9873CF9}.Release|x64.ActiveCfg = Release|Any CPU
		{B6D6AD26-1605-4CB7-AC9F-D69BA9873CF9}.Release|x64.Build.0 = Release|Any CPU
		{B6D6AD26-1605-4CB7-AC9F-D69BA9873CF9}.Staging|Any CPU.ActiveCfg = Release|Any CPU
		{B6D6AD26-1605-4CB7-AC9F-D69BA9873CF9}.Staging|Any CPU.Build.0 = Release|Any CPU
		{B6D6AD26-1605-4CB7-AC9F-D69BA9873CF9}.Staging|x64.ActiveCfg = Release|Any CPU
		{B6D6AD26-1605-4CB7-AC9F-D69BA9873CF9}.Staging|x64.Build.0 = Release|Any CPU
		{17FD7BAB-648E-4EEC-86B8-6CB24CBE27C6}.Debug|Any CPU.ActiveCfg = Debug|Any CPU
		{17FD7BAB-648E-4EEC-86B8-6CB24CBE27C6}.Debug|Any CPU.Build.0 = Debug|Any CPU
		{17FD7BAB-648E-4EEC-86B8-6CB24CBE27C6}.Debug|x64.ActiveCfg = Debug|Any CPU
		{17FD7BAB-648E-4EEC-86B8-6CB24CBE27C6}.Debug|x64.Build.0 = Debug|Any CPU
		{17FD7BAB-648E-4EEC-86B8-6CB24CBE27C6}.Local|Any CPU.ActiveCfg = Release|Any CPU
		{17FD7BAB-648E-4EEC-86B8-6CB24CBE27C6}.Local|Any CPU.Build.0 = Release|Any CPU
		{17FD7BAB-648E-4EEC-86B8-6CB24CBE27C6}.Local|x64.ActiveCfg = Release|Any CPU
		{17FD7BAB-648E-4EEC-86B8-6CB24CBE27C6}.Local|x64.Build.0 = Release|Any CPU
		{17FD7BAB-648E-4EEC-86B8-6CB24CBE27C6}.Production|Any CPU.ActiveCfg = Release|Any CPU
		{17FD7BAB-648E-4EEC-86B8-6CB24CBE27C6}.Production|Any CPU.Build.0 = Release|Any CPU
		{17FD7BAB-648E-4EEC-86B8-6CB24CBE27C6}.Production|x64.ActiveCfg = Release|Any CPU
		{17FD7BAB-648E-4EEC-86B8-6CB24CBE27C6}.Production|x64.Build.0 = Release|Any CPU
		{17FD7BAB-648E-4EEC-86B8-6CB24CBE27C6}.Release|Any CPU.ActiveCfg = Release|Any CPU
		{17FD7BAB-648E-4EEC-86B8-6CB24CBE27C6}.Release|Any CPU.Build.0 = Release|Any CPU
		{17FD7BAB-648E-4EEC-86B8-6CB24CBE27C6}.Release|x64.ActiveCfg = Release|Any CPU
		{17FD7BAB-648E-4EEC-86B8-6CB24CBE27C6}.Release|x64.Build.0 = Release|Any CPU
		{17FD7BAB-648E-4EEC-86B8-6CB24CBE27C6}.Staging|Any CPU.ActiveCfg = Release|Any CPU
		{17FD7BAB-648E-4EEC-86B8-6CB24CBE27C6}.Staging|Any CPU.Build.0 = Release|Any CPU
		{17FD7BAB-648E-4EEC-86B8-6CB24CBE27C6}.Staging|x64.ActiveCfg = Release|Any CPU
		{17FD7BAB-648E-4EEC-86B8-6CB24CBE27C6}.Staging|x64.Build.0 = Release|Any CPU
		{EEFEA721-D77E-4DDC-8EFD-4D731C5EB551}.Debug|Any CPU.ActiveCfg = Debug|Any CPU
		{EEFEA721-D77E-4DDC-8EFD-4D731C5EB551}.Debug|Any CPU.Build.0 = Debug|Any CPU
		{EEFEA721-D77E-4DDC-8EFD-4D731C5EB551}.Debug|x64.ActiveCfg = Debug|Any CPU
		{EEFEA721-D77E-4DDC-8EFD-4D731C5EB551}.Debug|x64.Build.0 = Debug|Any CPU
		{EEFEA721-D77E-4DDC-8EFD-4D731C5EB551}.Local|Any CPU.ActiveCfg = Release|Any CPU
		{EEFEA721-D77E-4DDC-8EFD-4D731C5EB551}.Local|Any CPU.Build.0 = Release|Any CPU
		{EEFEA721-D77E-4DDC-8EFD-4D731C5EB551}.Local|x64.ActiveCfg = Release|Any CPU
		{EEFEA721-D77E-4DDC-8EFD-4D731C5EB551}.Local|x64.Build.0 = Release|Any CPU
		{EEFEA721-D77E-4DDC-8EFD-4D731C5EB551}.Production|Any CPU.ActiveCfg = Release|Any CPU
		{EEFEA721-D77E-4DDC-8EFD-4D731C5EB551}.Production|Any CPU.Build.0 = Release|Any CPU
		{EEFEA721-D77E-4DDC-8EFD-4D731C5EB551}.Production|x64.ActiveCfg = Release|Any CPU
		{EEFEA721-D77E-4DDC-8EFD-4D731C5EB551}.Production|x64.Build.0 = Release|Any CPU
		{EEFEA721-D77E-4DDC-8EFD-4D731C5EB551}.Release|Any CPU.ActiveCfg = Release|Any CPU
		{EEFEA721-D77E-4DDC-8EFD-4D731C5EB551}.Release|Any CPU.Build.0 = Release|Any CPU
		{EEFEA721-D77E-4DDC-8EFD-4D731C5EB551}.Release|x64.ActiveCfg = Release|Any CPU
		{EEFEA721-D77E-4DDC-8EFD-4D731C5EB551}.Release|x64.Build.0 = Release|Any CPU
		{EEFEA721-D77E-4DDC-8EFD-4D731C5EB551}.Staging|Any CPU.ActiveCfg = Release|Any CPU
		{EEFEA721-D77E-4DDC-8EFD-4D731C5EB551}.Staging|Any CPU.Build.0 = Release|Any CPU
		{EEFEA721-D77E-4DDC-8EFD-4D731C5EB551}.Staging|x64.ActiveCfg = Release|Any CPU
		{EEFEA721-D77E-4DDC-8EFD-4D731C5EB551}.Staging|x64.Build.0 = Release|Any CPU
		{E578B340-5DD1-4B57-BE7E-9E3DB407F44D}.Debug|Any CPU.ActiveCfg = Debug|Any CPU
		{E578B340-5DD1-4B57-BE7E-9E3DB407F44D}.Debug|Any CPU.Build.0 = Debug|Any CPU
		{E578B340-5DD1-4B57-BE7E-9E3DB407F44D}.Debug|x64.ActiveCfg = Debug|x64
		{E578B340-5DD1-4B57-BE7E-9E3DB407F44D}.Debug|x64.Build.0 = Debug|x64
		{E578B340-5DD1-4B57-BE7E-9E3DB407F44D}.Local|Any CPU.ActiveCfg = Release|Any CPU
		{E578B340-5DD1-4B57-BE7E-9E3DB407F44D}.Local|Any CPU.Build.0 = Release|Any CPU
		{E578B340-5DD1-4B57-BE7E-9E3DB407F44D}.Local|x64.ActiveCfg = Release|x64
		{E578B340-5DD1-4B57-BE7E-9E3DB407F44D}.Local|x64.Build.0 = Release|x64
		{E578B340-5DD1-4B57-BE7E-9E3DB407F44D}.Production|Any CPU.ActiveCfg = Release|Any CPU
		{E578B340-5DD1-4B57-BE7E-9E3DB407F44D}.Production|Any CPU.Build.0 = Release|Any CPU
		{E578B340-5DD1-4B57-BE7E-9E3DB407F44D}.Production|x64.ActiveCfg = Release|x64
		{E578B340-5DD1-4B57-BE7E-9E3DB407F44D}.Production|x64.Build.0 = Release|x64
		{E578B340-5DD1-4B57-BE7E-9E3DB407F44D}.Release|Any CPU.ActiveCfg = Release|Any CPU
		{E578B340-5DD1-4B57-BE7E-9E3DB407F44D}.Release|Any CPU.Build.0 = Release|Any CPU
		{E578B340-5DD1-4B57-BE7E-9E3DB407F44D}.Release|x64.ActiveCfg = Release|x64
		{E578B340-5DD1-4B57-BE7E-9E3DB407F44D}.Release|x64.Build.0 = Release|x64
		{E578B340-5DD1-4B57-BE7E-9E3DB407F44D}.Staging|Any CPU.ActiveCfg = Release|Any CPU
		{E578B340-5DD1-4B57-BE7E-9E3DB407F44D}.Staging|Any CPU.Build.0 = Release|Any CPU
		{E578B340-5DD1-4B57-BE7E-9E3DB407F44D}.Staging|x64.ActiveCfg = Release|x64
		{E578B340-5DD1-4B57-BE7E-9E3DB407F44D}.Staging|x64.Build.0 = Release|x64
		{A55E7B7A-8890-42D8-986E-F0A600EE2854}.Debug|Any CPU.ActiveCfg = Debug|Any CPU
		{A55E7B7A-8890-42D8-986E-F0A600EE2854}.Debug|Any CPU.Build.0 = Debug|Any CPU
		{A55E7B7A-8890-42D8-986E-F0A600EE2854}.Debug|x64.ActiveCfg = Debug|x64
		{A55E7B7A-8890-42D8-986E-F0A600EE2854}.Debug|x64.Build.0 = Debug|x64
		{A55E7B7A-8890-42D8-986E-F0A600EE2854}.Local|Any CPU.ActiveCfg = Release|Any CPU
		{A55E7B7A-8890-42D8-986E-F0A600EE2854}.Local|Any CPU.Build.0 = Release|Any CPU
		{A55E7B7A-8890-42D8-986E-F0A600EE2854}.Local|x64.ActiveCfg = Release|x64
		{A55E7B7A-8890-42D8-986E-F0A600EE2854}.Local|x64.Build.0 = Release|x64
		{A55E7B7A-8890-42D8-986E-F0A600EE2854}.Production|Any CPU.ActiveCfg = Release|Any CPU
		{A55E7B7A-8890-42D8-986E-F0A600EE2854}.Production|Any CPU.Build.0 = Release|Any CPU
		{A55E7B7A-8890-42D8-986E-F0A600EE2854}.Production|x64.ActiveCfg = Release|x64
		{A55E7B7A-8890-42D8-986E-F0A600EE2854}.Production|x64.Build.0 = Release|x64
		{A55E7B7A-8890-42D8-986E-F0A600EE2854}.Release|Any CPU.ActiveCfg = Release|Any CPU
		{A55E7B7A-8890-42D8-986E-F0A600EE2854}.Release|Any CPU.Build.0 = Release|Any CPU
		{A55E7B7A-8890-42D8-986E-F0A600EE2854}.Release|x64.ActiveCfg = Release|x64
		{A55E7B7A-8890-42D8-986E-F0A600EE2854}.Release|x64.Build.0 = Release|x64
		{A55E7B7A-8890-42D8-986E-F0A600EE2854}.Staging|Any CPU.ActiveCfg = Release|Any CPU
		{A55E7B7A-8890-42D8-986E-F0A600EE2854}.Staging|Any CPU.Build.0 = Release|Any CPU
		{A55E7B7A-8890-42D8-986E-F0A600EE2854}.Staging|x64.ActiveCfg = Release|x64
		{A55E7B7A-8890-42D8-986E-F0A600EE2854}.Staging|x64.Build.0 = Release|x64
		{A421FE24-4821-40EE-B7FD-1D60BF615489}.Debug|Any CPU.ActiveCfg = Debug|Any CPU
		{A421FE24-4821-40EE-B7FD-1D60BF615489}.Debug|Any CPU.Build.0 = Debug|Any CPU
		{A421FE24-4821-40EE-B7FD-1D60BF615489}.Debug|x64.ActiveCfg = Debug|x64
		{A421FE24-4821-40EE-B7FD-1D60BF615489}.Debug|x64.Build.0 = Debug|x64
		{A421FE24-4821-40EE-B7FD-1D60BF615489}.Local|Any CPU.ActiveCfg = Release|Any CPU
		{A421FE24-4821-40EE-B7FD-1D60BF615489}.Local|Any CPU.Build.0 = Release|Any CPU
		{A421FE24-4821-40EE-B7FD-1D60BF615489}.Local|x64.ActiveCfg = Release|Any CPU
		{A421FE24-4821-40EE-B7FD-1D60BF615489}.Local|x64.Build.0 = Release|Any CPU
		{A421FE24-4821-40EE-B7FD-1D60BF615489}.Production|Any CPU.ActiveCfg = Release|Any CPU
		{A421FE24-4821-40EE-B7FD-1D60BF615489}.Production|Any CPU.Build.0 = Release|Any CPU
		{A421FE24-4821-40EE-B7FD-1D60BF615489}.Production|x64.ActiveCfg = Release|Any CPU
		{A421FE24-4821-40EE-B7FD-1D60BF615489}.Production|x64.Build.0 = Release|Any CPU
		{A421FE24-4821-40EE-B7FD-1D60BF615489}.Release|Any CPU.ActiveCfg = Release|Any CPU
		{A421FE24-4821-40EE-B7FD-1D60BF615489}.Release|Any CPU.Build.0 = Release|Any CPU
		{A421FE24-4821-40EE-B7FD-1D60BF615489}.Release|x64.ActiveCfg = Release|Any CPU
		{A421FE24-4821-40EE-B7FD-1D60BF615489}.Release|x64.Build.0 = Release|Any CPU
		{A421FE24-4821-40EE-B7FD-1D60BF615489}.Staging|Any CPU.ActiveCfg = Release|Any CPU
		{A421FE24-4821-40EE-B7FD-1D60BF615489}.Staging|Any CPU.Build.0 = Release|Any CPU
		{A421FE24-4821-40EE-B7FD-1D60BF615489}.Staging|x64.ActiveCfg = Release|Any CPU
		{A421FE24-4821-40EE-B7FD-1D60BF615489}.Staging|x64.Build.0 = Release|Any CPU
	EndGlobalSection
	GlobalSection(SolutionProperties) = preSolution
		HideSolutionNode = FALSE
	EndGlobalSection
	GlobalSection(NestedProjects) = preSolution
		{03B717CC-3EBB-47E0-81EE-0E0387869045} = {16A0E7A3-E3EE-4E3D-A57F-D15E07C86C9B}
		{3EFE0919-0287-4E3A-B778-66C7F53C3FE1} = {16A0E7A3-E3EE-4E3D-A57F-D15E07C86C9B}
		{1A906D51-32B8-47D4-BD31-A80BD743E976} = {16A0E7A3-E3EE-4E3D-A57F-D15E07C86C9B}
		{38FF1123-FBEE-4824-A594-43933369DDEF} = {16A0E7A3-E3EE-4E3D-A57F-D15E07C86C9B}
		{6FD85C0E-6428-4190-907F-ECC2E63CFF3D} = {16A0E7A3-E3EE-4E3D-A57F-D15E07C86C9B}
		{B6D6AD26-1605-4CB7-AC9F-D69BA9873CF9} = {16A0E7A3-E3EE-4E3D-A57F-D15E07C86C9B}
		{17FD7BAB-648E-4EEC-86B8-6CB24CBE27C6} = {16A0E7A3-E3EE-4E3D-A57F-D15E07C86C9B}
		{EEFEA721-D77E-4DDC-8EFD-4D731C5EB551} = {16A0E7A3-E3EE-4E3D-A57F-D15E07C86C9B}
		{E578B340-5DD1-4B57-BE7E-9E3DB407F44D} = {16A0E7A3-E3EE-4E3D-A57F-D15E07C86C9B}
		{A55E7B7A-8890-42D8-986E-F0A600EE2854} = {16A0E7A3-E3EE-4E3D-A57F-D15E07C86C9B}
		{A421FE24-4821-40EE-B7FD-1D60BF615489} = {16A0E7A3-E3EE-4E3D-A57F-D15E07C86C9B}
	EndGlobalSection
	GlobalSection(TeamFoundationVersionControl) = preSolution
		SccNumberOfProjects = 19
		SccEnterpriseProvider = {4CA58AB2-18FA-4F8D-95D4-32DDF27D184C}
		SccTeamFoundationServer = https://rdksoft.visualstudio.com/defaultcollection
		SccLocalPath0 = .
		SccProjectUniqueName1 = BetTableware\\BetTableware\u0020v.0.0.1\u0020alphatest.csproj
		SccProjectName1 = BetTableware
		SccLocalPath1 = BetTableware
		SccProjectUniqueName2 = NodeWebSite\\NodeWebSite.njsproj
		SccProjectName2 = NodeWebSite
		SccLocalPath2 = NodeWebSite
		SccProjectUniqueName3 = NodejsChat\\NodejsChat.njsproj
		SccProjectName3 = NodejsChat
		SccLocalPath3 = NodejsChat
		SccProjectUniqueName4 = ProjectGambFastNav\\ProjectGambFastNav.csproj
		SccProjectName4 = ProjectGambFastNav
		SccLocalPath4 = ProjectGambFastNav
		SccProjectUniqueName5 = ProjectGambPhantom\\ProjectGambPhantom.njsproj
		SccProjectName5 = ProjectGambPhantom
		SccLocalPath5 = ProjectGambPhantom
		SccProjectUniqueName6 = ProjectGambUniverse\\ProjectGambUniverse.csproj
		SccProjectName6 = ProjectGambUniverse
		SccLocalPath6 = ProjectGambUniverse
		SccWebProject7 = true
		SccProjectUniqueName7 = WebBugsTester
		SccProjectName7 = WebBugsTester
		SccLocalPath7 = WebBugsTester
		SccProjectEnlistmentChoice7 = 2
		SccProjectUniqueName8 = Bet365Newparser\\Bet365Newparser.csproj
		SccProjectTopLevelParentUniqueName8 = BetTableware.sln
		SccProjectName8 = Bet365Newparser
		SccLocalPath8 = Bet365Newparser
		SccProjectUniqueName9 = ParimatchMicroparser\\ParimatchMicroparser.csproj
		SccProjectTopLevelParentUniqueName9 = BetTableware.sln
		SccProjectName9 = ParimatchMicroparser
		SccLocalPath9 = ParimatchMicroparser
		SccProjectUniqueName10 = PinnacleMicroparser\\PinnacleMicroparser.csproj
		SccProjectTopLevelParentUniqueName10 = BetTableware.sln
		SccProjectName10 = PinnacleMicroparser
		SccLocalPath10 = PinnacleMicroparser
		SccProjectUniqueName11 = MicroparserFramework\\MicroparserFramework.csproj
		SccProjectTopLevelParentUniqueName11 = BetTableware.sln
		SccProjectName11 = MicroparserFramework
		SccLocalPath11 = MicroparserFramework
		SccProjectUniqueName12 = WilliamshillMicroparser\\WilliamshillMicroparser.csproj
		SccProjectTopLevelParentUniqueName12 = BetTableware.sln
		SccProjectName12 = WilliamshillMicroparser
		SccLocalPath12 = WilliamshillMicroparser
		SccProjectUniqueName13 = FonbetMicroparser\\FonbetMicroparser.csproj
		SccProjectTopLevelParentUniqueName13 = BetTableware.sln
		SccProjectName13 = FonbetMicroparser
		SccLocalPath13 = FonbetMicroparser
		SccProjectUniqueName14 = MarathonMicroparser\\MarathonMicroparser.csproj
		SccProjectTopLevelParentUniqueName14 = BetTableware.sln
		SccProjectName14 = MarathonMicroparser
		SccLocalPath14 = MarathonMicroparser
		SccProjectUniqueName15 = OlimpMicroparser\\OlimpMicroparser.csproj
		SccProjectTopLevelParentUniqueName15 = BetTableware.sln
		SccProjectName15 = OlimpMicroparser
		SccLocalPath15 = OlimpMicroparser
		SccProjectUniqueName16 = WinlineMicroparser\\WinlineMicroparser.csproj
		SccProjectTopLevelParentUniqueName16 = BetTableware.sln
		SccProjectName16 = WinlineMicroparser
		SccLocalPath16 = WinlineMicroparser
		SccProjectUniqueName17 = PinnacleMicroparserChromium\\PinnacleMicroparserChromium.csproj
		SccProjectTopLevelParentUniqueName17 = BetTableware.sln
		SccProjectName17 = PinnacleMicroparserChromium
		SccLocalPath17 = PinnacleMicroparserChromium
		SccProjectUniqueName18 = Bet365MicroparserChromium\\Bet365MicroparserChromium.csproj
		SccProjectTopLevelParentUniqueName18 = BetTableware.sln
		SccProjectName18 = Bet365MicroparserChromium
		SccLocalPath18 = Bet365MicroparserChromium
	EndGlobalSection
EndGlobal
